# THIS IS AN AUTOGENERATED FILE. DO NOT EDIT THIS FILE DIRECTLY.
# yarn lockfile v1


"@groceristar/groceristar-fetch@^1.1.10":
  version "1.1.10"
  resolved "https://registry.yarnpkg.com/@groceristar/groceristar-fetch/-/groceristar-fetch-1.1.10.tgz#a95ef3a9922ae2eed1362df3b36e510d9f15d9cc"
  dependencies:
    fs "0.0.1-security"
    underscore "^1.9.1"

fs@0.0.1-security:
  version "0.0.1-security"
  resolved "https://registry.yarnpkg.com/fs/-/fs-0.0.1-security.tgz#8a7bd37186b6dddf3813f23858b57ecaaf5e41d4"

lodash@^4.17.10:
  version "4.17.10"
  resolved "https://registry.yarnpkg.com/lodash/-/lodash-4.17.10.tgz#1b7793cf7259ea38fb3661d4d38b3260af8ae4e7"

raven-js@^3.26.4:
  version "3.26.4"
  resolved "https://registry.yarnpkg.com/raven-js/-/raven-js-3.26.4.tgz#32aae3a63a9314467a453c94c89a364ea43707be"

underscore@^1.9.1:
  version "1.9.1"
  resolved "https://registry.yarnpkg.com/underscore/-/underscore-1.9.1.tgz#06dce34a0e68a7babc29b365b8e74b8925203961"
